Microsoft Visual Studio Solution File, Format Version 12.00
# Visual Studio Version 17
VisualStudioVersion = 17.5.2.0
MinimumVisualStudioVersion = 10.0.40219.1
Project("{FAE04EC0-301F-11D3-BF4B-00C04F79EFBC}") = "Rosales_ScenarioB", "Rosales_ScenarioB.csproj", "{D976B6F4-5FD3-1C17-E76A-A01DE5841669}"
EndProject
Global
	GlobalSection(SolutionConfigurationPlatforms) = preSolution
		Debug|Any CPU = Debug|Any CPU
		Release|Any CPU = Release|Any CPU
	EndGlobalSection
	GlobalSection(ProjectConfigurationPlatforms) = postSolution
		{D976B6F4-5FD3-1C17-E76A-A01DE5841669}.Debug|Any CPU.ActiveCfg = Debug|Any CPU
		{D976B6F4-5FD3-1C17-E76A-A01DE5841669}.Debug|Any CPU.Build.0 = Debug|Any CPU
		{D976B6F4-5FD3-1C17-E76A-A01DE5841669}.Release|Any CPU.ActiveCfg = Release|Any CPU
		{D976B6F4-5FD3-1C17-E76A-A01DE5841669}.Release|Any CPU.Build.0 = Release|Any CPU
	EndGlobalSection
	GlobalSection(SolutionProperties) = preSolution
		HideSolutionNode = FALSE
	EndGlobalSection
	GlobalSection(ExtensibilityGlobals) = postSolution
		SolutionGuid = {A5F23B0F-96D3-40E8-861C-02392C26EC97}
	EndGlobalSection
EndGlobal
